
Microsoft Visual Studio Solution File, Format Version 12.00
# Visual Studio 14
VisualStudioVersion = 14.0.23107.0
MinimumVisualStudioVersion = 10.0.40219.1
Project("{FAE04EC0-301F-11D3-BF4B-00C04F79EFBC}") = "Booking.Contracts", "Booking.Contracts\Booking.Contracts.csproj", "{4A3E87BF-2A26-4F41-BB90-F91766B00C53}"
EndProject
Project("{FAE04EC0-301F-11D3-BF4B-00C04F79EFBC}") = "Booking.Activities", "Booking.Activities\Booking.Activities.csproj", "{D4D28F1D-7A94-485C-94C1-34FA6D1278F4}"
EndProject
Project("{FAE04EC0-301F-11D3-BF4B-00C04F79EFBC}") = "Booking.Activities.Tests", "Booking.Activities.Tests\Booking.Activities.Tests.csproj", "{02D11FE8-6357-4BB2-A9C9-71763BB7D908}"
EndProject
Project("{FAE04EC0-301F-11D3-BF4B-00C04F79EFBC}") = "Booking.Tracking", "Booking.Tracking\Booking.Tracking.csproj", "{547191ED-8F53-4CA8-B4BE-AFEA30FD7E1B}"
EndProject
Project("{FAE04EC0-301F-11D3-BF4B-00C04F79EFBC}") = "Booking.Tracking.Tests", "Booking.Tracking.Tests\Booking.Tracking.Tests.csproj", "{B4487E8B-A0D8-4740-93A2-6DC91245F7C6}"
EndProject
Project("{FAE04EC0-301F-11D3-BF4B-00C04F79EFBC}") = "Booking.Services", "Booking.Services\Booking.Services.csproj", "{DE2891A8-F54E-43BD-AD00-E38FFEB484AA}"
EndProject
Project("{FAE04EC0-301F-11D3-BF4B-00C04F79EFBC}") = "BookingService", "BookingService\BookingService.csproj", "{23F088E8-6486-4923-9E77-36EFA1820E27}"
EndProject
Project("{FAE04EC0-301F-11D3-BF4B-00C04F79EFBC}") = "TrackingService", "TrackingService\TrackingService.csproj", "{B2FFF5F3-40B8-4545-919E-216EB7C04DFC}"
EndProject
Project("{FAE04EC0-301F-11D3-BF4B-00C04F79EFBC}") = "BookingWeb", "BookingWeb\BookingWeb.csproj", "{E226A1FB-B6DA-4A77-A3D7-438051498D87}"
EndProject
Global
	GlobalSection(SolutionConfigurationPlatforms) = preSolution
		Debug|Any CPU = Debug|Any CPU
		Release|Any CPU = Release|Any CPU
	EndGlobalSection
	GlobalSection(ProjectConfigurationPlatforms) = postSolution
		{4A3E87BF-2A26-4F41-BB90-F91766B00C53}.Debug|Any CPU.ActiveCfg = Debug|Any CPU
		{4A3E87BF-2A26-4F41-BB90-F91766B00C53}.Debug|Any CPU.Build.0 = Debug|Any CPU
		{4A3E87BF-2A26-4F41-BB90-F91766B00C53}.Release|Any CPU.ActiveCfg = Release|Any CPU
		{4A3E87BF-2A26-4F41-BB90-F91766B00C53}.Release|Any CPU.Build.0 = Release|Any CPU
		{D4D28F1D-7A94-485C-94C1-34FA6D1278F4}.Debug|Any CPU.ActiveCfg = Debug|Any CPU
		{D4D28F1D-7A94-485C-94C1-34FA6D1278F4}.Debug|Any CPU.Build.0 = Debug|Any CPU
		{D4D28F1D-7A94-485C-94C1-34FA6D1278F4}.Release|Any CPU.ActiveCfg = Release|Any CPU
		{D4D28F1D-7A94-485C-94C1-34FA6D1278F4}.Release|Any CPU.Build.0 = Release|Any CPU
		{02D11FE8-6357-4BB2-A9C9-71763BB7D908}.Debug|Any CPU.ActiveCfg = Debug|Any CPU
		{02D11FE8-6357-4BB2-A9C9-71763BB7D908}.Debug|Any CPU.Build.0 = Debug|Any CPU
		{02D11FE8-6357-4BB2-A9C9-71763BB7D908}.Release|Any CPU.ActiveCfg = Release|Any CPU
		{02D11FE8-6357-4BB2-A9C9-71763BB7D908}.Release|Any CPU.Build.0 = Release|Any CPU
		{547191ED-8F53-4CA8-B4BE-AFEA30FD7E1B}.Debug|Any CPU.ActiveCfg = Debug|Any CPU
		{547191ED-8F53-4CA8-B4BE-AFEA30FD7E1B}.Debug|Any CPU.Build.0 = Debug|Any CPU
		{547191ED-8F53-4CA8-B4BE-AFEA30FD7E1B}.Release|Any CPU.ActiveCfg = Release|Any CPU
		{547191ED-8F53-4CA8-B4BE-AFEA30FD7E1B}.Release|Any CPU.Build.0 = Release|Any CPU
		{B4487E8B-A0D8-4740-93A2-6DC91245F7C6}.Debug|Any CPU.ActiveCfg = Debug|Any CPU
		{B4487E8B-A0D8-4740-93A2-6DC91245F7C6}.Debug|Any CPU.Build.0 = Debug|Any CPU
		{B4487E8B-A0D8-4740-93A2-6DC91245F7C6}.Release|Any CPU.ActiveCfg = Release|Any CPU
		{B4487E8B-A0D8-4740-93A2-6DC91245F7C6}.Release|Any CPU.Build.0 = Release|Any CPU
		{DE2891A8-F54E-43BD-AD00-E38FFEB484AA}.Debug|Any CPU.ActiveCfg = Debug|Any CPU
		{DE2891A8-F54E-43BD-AD00-E38FFEB484AA}.Debug|Any CPU.Build.0 = Debug|Any CPU
		{DE2891A8-F54E-43BD-AD00-E38FFEB484AA}.Release|Any CPU.ActiveCfg = Release|Any CPU
		{DE2891A8-F54E-43BD-AD00-E38FFEB484AA}.Release|Any CPU.Build.0 = Release|Any CPU
		{23F088E8-6486-4923-9E77-36EFA1820E27}.Debug|Any CPU.ActiveCfg = Debug|Any CPU
		{23F088E8-6486-4923-9E77-36EFA1820E27}.Debug|Any CPU.Build.0 = Debug|Any CPU
		{23F088E8-6486-4923-9E77-36EFA1820E27}.Release|Any CPU.ActiveCfg = Release|Any CPU
		{23F088E8-6486-4923-9E77-36EFA1820E27}.Release|Any CPU.Build.0 = Release|Any CPU
		{B2FFF5F3-40B8-4545-919E-216EB7C04DFC}.Debug|Any CPU.ActiveCfg = Debug|Any CPU
		{B2FFF5F3-40B8-4545-919E-216EB7C04DFC}.Debug|Any CPU.Build.0 = Debug|Any CPU
		{B2FFF5F3-40B8-4545-919E-216EB7C04DFC}.Release|Any CPU.ActiveCfg = Release|Any CPU
		{B2FFF5F3-40B8-4545-919E-216EB7C04DFC}.Release|Any CPU.Build.0 = Release|Any CPU
		{E226A1FB-B6DA-4A77-A3D7-438051498D87}.Debug|Any CPU.ActiveCfg = Debug|Any CPU
		{E226A1FB-B6DA-4A77-A3D7-438051498D87}.Debug|Any CPU.Build.0 = Debug|Any CPU
		{E226A1FB-B6DA-4A77-A3D7-438051498D87}.Release|Any CPU.ActiveCfg = Release|Any CPU
		{E226A1FB-B6DA-4A77-A3D7-438051498D87}.Release|Any CPU.Build.0 = Release|Any CPU
	EndGlobalSection
	GlobalSection(SolutionProperties) = preSolution
		HideSolutionNode = FALSE
	EndGlobalSection
EndGlobal
